// !$*UTF8*$!
{
	archiveVersion = 1;
	classes = {
	};
	objectVersion = 46;
	objects = {

/* Begin PBXBuildFile section */
		58570AEC1E67AB33009332B8 /* AppDelegate.swift in Sources */ = {isa = PBXBuildFile; fileRef = 58570AEB1E67AB33009332B8 /* AppDelegate.swift */; };
		58570AF31E67AB33009332B8 /* Assets.xcassets in Resources */ = {isa = PBXBuildFile; fileRef = 58570AF21E67AB33009332B8 /* Assets.xcassets */; };
		58570AFF1E67AB4D009332B8 /* ViewController.swift in Sources */ = {isa = PBXBuildFile; fileRef = 58570AFD1E67AB4D009332B8 /* ViewController.swift */; };
		58570B001E67AB4D009332B8 /* ViewController.xib in Resources */ = {isa = PBXBuildFile; fileRef = 58570AFE1E67AB4D009332B8 /* ViewController.xib */; };
/* End PBXBuildFile section */

/* Begin PBXFileReference section */
		58570AE81E67AB33009332B8 /* LocationAndAddress.app */ = {isa = PBXFileReference; explicitFileType = wrapper.application; includeInIndex = 0; path = LocationAndAddress.app; sourceTree = BUILT_PRODUCTS_DIR; };
		58570AEB1E67AB33009332B8 /* AppDelegate.swift */ = {isa = PBXFileReference; lastKnownFileType = sourcecode.swift; path = AppDelegate.swift; sourceTree = "<group>"; };
		58570AF21E67AB33009332B8 /* Assets.xcassets */ = {isa = PBXFileReference; lastKnownFileType = folder.assetcatalog; path = Assets.xcassets; sourceTree = "<group>"; };
		58570AF71E67AB33009332B8 /* Info.plist */ = {isa = PBXFileReference; lastKnownFileType = text.plist.xml; path = Info.plist; sourceTree = "<group>"; };
		58570AFD1E67AB4D009332B8 /* ViewController.swift */ = {isa = PBXFileReference; fileEncoding = 4; lastKnownFileType = sourcecode.swift; path = ViewController.swift; sourceTree = "<group>"; };
		58570AFE1E67AB4D009332B8 /* ViewController.xib */ = {isa = PBXFileReference; fileEncoding = 4; lastKnownFileType = file.xib; path = ViewController.xib; sourceTree = "<group>"; };
/* End PBXFileReference section */

/* Begin PBXFrameworksBuildPhase section */
		58570AE51E67AB33009332B8 /* Frameworks */ = {
			isa = PBXFrameworksBuildPhase;
			buildActionMask = 2147483647;
			files = (
			);
			runOnlyForDeploymentPostprocessing = 0;
		};
/* End PBXFrameworksBuildPhase section */

/* Begin PBXGroup section */
		58570ADF1E67AB33009332B8 = {
			isa = PBXGroup;
			children = (
				58570AEA1E67AB33009332B8 /* LocationAndAddress */,
				58570AE91E67AB33009332B8 /* Products */,
			);
			sourceTree = "<group>";
		};
		58570AE91E67AB33009332B8 /* Products */ = {
			isa = PBXGroup;
			children = (
				58570AE81E67AB33009332B8 /* LocationAndAddress.app */,
			);
			name = Products;
			sourceTree = "<group>";
		};
		58570AEA1E67AB33009332B8 /* LocationAndAddress */ = {
			isa = PBXGroup;
			children = (
				58570AEB1E67AB33009332B8 /* AppDelegate.swift */,
				58570AFD1E67AB4D009332B8 /* ViewController.swift */,
				58570AFE1E67AB4D009332B8 /* ViewController.xib */,
				58570AF21E67AB33009332B8 /* Assets.xcassets */,
				58570AF71E67AB33009332B8 /* Info.plist */,
			);
			path = LocationAndAddress;
			sourceTree = "<group>";
		};
/* End PBXGroup section */

/* Begin PBXNativeTarget section */
		58570AE71E67AB33009332B8 /* LocationAndAddress */ = {
			isa = PBXNativeTarget;
			buildConfigurationList = 58570AFA1E67AB33009332B8 /* Build configuration list for PBXNativeTarget "LocationAndAddress" */;
			buildPhases = (
				58570AE41E67AB33009332B8 /* Sources */,
				58570AE51E67AB33009332B8 /* Frameworks */,
				58570AE61E67AB33009332B8 /* Resources */,
			);
			buildRules = (
			);
			dependencies = (
			);
			name = LocationAndAddress;
			productName = LocationAndAddress;
			productReference = 58570AE81E67AB33009332B8 /* LocationAndAddress.app */;
			productType = "com.apple.product-type.application";
		};
/* End PBXNativeTarget section */

/* Begin PBXProject section */
		58570AE01E67AB33009332B8 /* Project object */ = {
			isa = PBXProject;
			attributes = {
				LastSwiftUpdateCheck = 0820;
				LastUpgradeCheck = 0820;
				ORGANIZATIONNAME = zoaks;
				TargetAttributes = {
					58570AE71E67AB33009332B8 = {
						CreatedOnToolsVersion = 8.2.1;
						DevelopmentTeam = 48862Q7FRD;
						ProvisioningStyle = Automatic;
					};
				};
			};
			buildConfigurationList = 58570AE31E67AB33009332B8 /* Build configuration list for PBXProject "LocationAndAddress" */;
			compatibilityVersion = "Xcode 3.2";
			developmentRegion = English;
			hasScannedForEncodings = 0;
			knownRegions = (
				en,
				Base,
			);
			mainGroup = 58570ADF1E67AB33009332B8;
			productRefGroup = 58570AE91E67AB33009332B8 /* Products */;
			projectDirPath = "";
			projectRoot = "";
			targets = (
				58570AE71E67AB33009332B8 /* LocationAndAddress */,
			);
		};
/* End PBXProject section */

/* Begin PBXResourcesBuildPhase section */
		58570AE61E67AB33009332B8 /* Resources */ = {
			isa = PBXResourcesBuildPhase;
			buildActionMask = 2147483647;
			files = (
				58570B001E67AB4D009332B8 /* ViewController.xib in Resources */,
				58570AF31E67AB33009332B8 /* Assets.xcassets in Resources */,
			);
			runOnlyForDeploymentPostprocessing = 0;
		};
/* End PBXResourcesBuildPhase section */

/* Begin PBXSourcesBuildPhase section */
		58570AE41E67AB33009332B8 /* Sources */ = {
			isa = PBXSourcesBuildPhase;
			buildActionMask = 2147483647;
			files = (
				58570AFF1E67AB4D009332B8 /* ViewController.swift in Sources */,
				58570AEC1E67AB33009332B8 /* AppDelegate.swift in Sources */,
			);
			runOnlyForDeploymentPostprocessing = 0;
		};
/* End PBXSourcesBuildPhase section */

/* Begin XCBuildConfiguration section */
		58570AF81E67AB33009332B8 /* Debug */ = {
			isa = XCBuildConfiguration;
			buildSettings = {
				ALWAYS_SEARCH_USER_PATHS = NO;
				CLANG_ANALYZER_NONNULL = YES;
				CLANG_CXX_LANGUAGE_STANDARD = "gnu++0x";
				CLANG_CXX_LIBRARY = "libc++";
				CLANG_ENABLE_MODULES = YES;
				CLANG_ENABLE_OBJC_ARC = YES;
				CLANG_WARN_BOOL_CONVERSION = YES;
				CLANG_WARN_CONSTANT_CONVERSION = YES;
				CLANG_WARN_DIRECT_OBJC_ISA_USAGE = YES_ERROR;
				CLANG_WARN_DOCUMENTATION_COMMENTS = YES;
				CLANG_WARN_EMPTY_BODY = YES;
				CLANG_WARN_ENUM_CONVERSION = YES;
				CLANG_WARN_INFINITE_RECURSION = YES;
				CLANG_WARN_INT_CONVERSION = YES;
				CLANG_WARN_OBJC_ROOT_CLASS = YES_ERROR;
				CLANG_WARN_SUSPICIOUS_MOVE = YES;
				CLANG_WARN_UNREACHABLE_CODE = YES;
				CLANG_WARN__DUPLICATE_METHOD_MATCH = YES;
				"CODE_SIGN_IDENTITY[sdk=iphoneos*]" = "iPhone Developer";
				COPY_PHASE_STRIP = NO;
				DEBUG_INFORMATION_FORMAT = dwarf;
				ENABLE_STRICT_OBJC_MSGSEND = YES;
				ENABLE_TESTABILITY = YES;
				GCC_C_LANGUAGE_STANDARD = gnu99;
				GCC_DYNAMIC_NO_PIC = NO;
				GCC_NO_COMMON_BLOCKS = YES;
				GCC_OPTIMIZATION_LEVEL = 0;
				GCC_PREPROCESSOR_DEFINITIONS = (
					"DEBUG=1",
					"$(inherited)",
				);
				GCC_WARN_64_TO_32_BIT_CONVERSION = YES;
				GCC_WARN_ABOUT_RETURN_TYPE = YES_ERROR;
				GCC_WARN_UNDECLARED_SELECTOR = YES;
				GCC_WARN_UNINITIALIZED_AUTOS = YES_AGGRESSIVE;
				GCC_WARN_UNUSED_FUNCTION = YES;
				GCC_WARN_UNUSED_VARIABLE = YES;
				IPHONEOS_DEPLOYMENT_TARGET = 10.2;
				MTL_ENABLE_DEBUG_INFO = YES;
				ONLY_ACTIVE_ARCH = YES;
				SDKROOT = iphoneos;
				SWIFT_ACTIVE_COMPILATION_CONDITIONS = DEBUG;
				SWIFT_OPTIMIZATION_LEVEL = "-Onone";
			};
			name = Debug;
		};
		58570AF91E67AB33009332B8 /* Release */ = {
			isa = XCBuildConfiguration;
			buildSettings = {
				ALWAYS_SEARCH_USER_PATHS = NO;
				CLANG_ANALYZER_NONNULL = YES;
				CLANG_CXX_LANGUAGE_STANDARD = "gnu++0x";
				CLANG_CXX_LIBRARY = "libc++";
				CLANG_ENABLE_MODULES = YES;
				CLANG_ENABLE_OBJC_ARC = YES;
				CLANG_WARN_BOOL_CONVERSION = YES;
				CLANG_WARN_CONSTANT_CONVERSION = YES;
				CLANG_WARN_DIRECT_OBJC_ISA_USAGE = YES_ERROR;
				CLANG_WARN_DOCUMENTATION_COMMENTS = YES;
				CLANG_WARN_EMPTY_BODY = YES;
				CLANG_WARN_ENUM_CONVERSION = YES;
				CLANG_WARN_INFINITE_RECURSION = YES;
				CLANG_WARN_INT_CONVERSION = YES;
				CLANG_WARN_OBJC_ROOT_CLASS = YES_ERROR;
				CLANG_WARN_SUSPICIOUS_MOVE = YES;
				CLANG_WARN_UNREACHABLE_CODE = YES;
				CLANG_WARN__DUPLICATE_METHOD_MATCH = YES;
				"CODE_SIGN_IDENTITY[sdk=iphoneos*]" = "iPhone Developer";
				COPY_PHASE_STRIP = NO;
				DEBUG_INFORMATION_FORMAT = "dwarf-with-dsym";
				ENABLE_NS_ASSERTIONS = NO;
				ENABLE_STRICT_OBJC_MSGSEND = YES;
				GCC_C_LANGUAGE_STANDARD = gnu99;
				GCC_NO_COMMON_BLOCKS = YES;
				GCC_WARN_64_TO_32_BIT_CONVERSION = YES;
				GCC_WARN_ABOUT_RETURN_TYPE = YES_ERROR;
				GCC_WARN_UNDECLARED_SELECTOR = YES;
				GCC_WARN_UNINITIALIZED_AUTOS = YES_AGGRESSIVE;
				GCC_WARN_UNUSED_FUNCTION = YES;
				GCC_WARN_UNUSED_VARIABLE = YES;
				IPHONEOS_DEPLOYMENT_TARGET = 10.2;
				MTL_ENABLE_DEBUG_INFO = NO;
				SDKROOT = iphoneos;
				SWIFT_OPTIMIZATION_LEVEL = "-Owholemodule";
				VALIDATE_PRODUCT = YES;
			};
			name = Release;
		};
		58570AFB1E67AB33009332B8 /* Debug */ = {
			isa = XCBuildConfiguration;
			buildSettings = {
				ASSETCATALOG_COMPILER_APPICON_NAME = AppIcon;
				DEVELOPMENT_TEAM = 48862Q7FRD;
				INFOPLIST_FILE = LocationAndAddress/Info.plist;
				LD_RUNPATH_SEARCH_PATHS = "$(inherited) @executable_path/Frameworks";
				PRODUCT_BUNDLE_IDENTIFIER = com.zoaks.LocationAndAddress;
				PRODUCT_NAME = "$(TARGET_NAME)";
				SWIFT_VERSION = 3.0;
			};
			name = Debug;
		};
		58570AFC1E67AB33009332B8 /* Release */ = {
			isa = XCBuildConfiguration;
			buildSettings = {
				ASSETCATALOG_COMPILER_APPICON_NAME = AppIcon;
				DEVELOPMENT_TEAM = 48862Q7FRD;
				INFOPLIST_FILE = LocationAndAddress/Info.plist;
				LD_RUNPATH_SEARCH_PATHS = "$(inherited) @executable_path/Frameworks";
				PRODUCT_BUNDLE_IDENTIFIER = com.zoaks.LocationAndAddress;
				PRODUCT_NAME = "$(TARGET_NAME)";
				SWIFT_VERSION = 3.0;
			};
			name = Release;
		};
/* End XCBuildConfiguration section */

/* Begin XCConfigurationList section */
		58570AE31E67AB33009332B8 /* Build configuration list for PBXProject "LocationAndAddress" */ = {
			isa = XCConfigurationList;
			buildConfigurations = (
				58570AF81E67AB33009332B8 /* Debug */,
				58570AF91E67AB33009332B8 /* Release */,
			);
			defaultConfigurationIsVisible = 0;
			defaultConfigurationName = Release;
		};
		58570AFA1E67AB33009332B8 /* Build configuration list for PBXNativeTarget "LocationAndAddress" */ = {
			isa = XCConfigurationList;
			buildConfigurations = (
				58570AFB1E67AB33009332B8 /* Debug */,
				58570AFC1E67AB33009332B8 /* Release */,
			);
			defaultConfigurationIsVisible = 0;
		};
/* End XCConfigurationList section */
	};
	rootObject = 58570AE01E67AB33009332B8 /* Project object */;
}
